<?xml version="1.0" encoding="utf-8"?>
<Project ToolsVersion="4.0" xmlns="http://schemas.microsoft.com/developer/msbuild/2003">
  <ItemGroup>
    <None Include="packages.config" />
  </ItemGroup>
  <ItemGroup>
    <Filter Include="src">
      <UniqueIdentifier>{7aa9fee5-ea36-4f04-80dd-1c9bab5b12aa}</UniqueIdentifier>
    </Filter>
    <Filter Include="test">
      <UniqueIdentifier>{4d643c58-8e18-48ca-826c-b4bb0f5bd1aa}</UniqueIdentifier>
    </Filter>
  </ItemGroup>
  <ItemGroup>
    <ClInclude Include="src\logic.h">
      <Filter>src</Filter>
    </ClInclude>
  </ItemGroup>
  <ItemGroup>
    <ClCompile Include="src\logic.cpp">
      <Filter>src</Filter>
    </ClCompile>
    <ClCompile Include="test\test_logic.cpp">
      <Filter>test</Filter>
    </ClCompile>
  </ItemGroup>
</Project>